
Microsoft Visual Studio Solution File, Format Version 12.00
# Visual Studio Version 17
VisualStudioVersion = 17.10.34928.147
MinimumVisualStudioVersion = 10.0.40219.1
Project("{FAE04EC0-301F-11D3-BF4B-00C04F79EFBC}") = "ExempleServeur", "ExempleServeur\ExempleServeur.csproj", "{CDDFD907-F25E-40ED-8E8F-B938C5ACFA41}"
EndProject
Global
	GlobalSection(SolutionConfigurationPlatforms) = preSolution
		Debug|Any CPU = Debug|Any CPU
		Release|Any CPU = Release|Any CPU
	EndGlobalSection
	GlobalSection(ProjectConfigurationPlatforms) = postSolution
		{CDDFD907-F25E-40ED-8E8F-B938C5ACFA41}.Debug|Any CPU.ActiveCfg = Debug|Any CPU
		{CDDFD907-F25E-40ED-8E8F-B938C5ACFA41}.Debug|Any CPU.Build.0 = Debug|Any CPU
		{CDDFD907-F25E-40ED-8E8F-B938C5ACFA41}.Release|Any CPU.ActiveCfg = Release|Any CPU
		{CDDFD907-F25E-40ED-8E8F-B938C5ACFA41}.Release|Any CPU.Build.0 = Release|Any CPU
	EndGlobalSection
	GlobalSection(SolutionProperties) = preSolution
		HideSolutionNode = FALSE
	EndGlobalSection
	GlobalSection(ExtensibilityGlobals) = postSolution
		SolutionGuid = {649E216D-41B0-460F-92FF-315AA4EDCB52}
	EndGlobalSection
EndGlobal
