
Microsoft Visual Studio Solution File, Format Version 12.00
# Visual Studio Version 17
VisualStudioVersion = 17.10.34928.147
MinimumVisualStudioVersion = 10.0.40219.1
Project("{FAE04EC0-301F-11D3-BF4B-00C04F79EFBC}") = "ExempleMobile", "ExempleMobile\ExempleMobile.csproj", "{69629BA1-C478-4B14-8A8A-435B94EAA66C}"
EndProject
Global
	GlobalSection(SolutionConfigurationPlatforms) = preSolution
		Debug|Any CPU = Debug|Any CPU
		Release|Any CPU = Release|Any CPU
	EndGlobalSection
	GlobalSection(ProjectConfigurationPlatforms) = postSolution
		{69629BA1-C478-4B14-8A8A-435B94EAA66C}.Debug|Any CPU.ActiveCfg = Debug|Any CPU
		{69629BA1-C478-4B14-8A8A-435B94EAA66C}.Debug|Any CPU.Build.0 = Debug|Any CPU
		{69629BA1-C478-4B14-8A8A-435B94EAA66C}.Debug|Any CPU.Deploy.0 = Debug|Any CPU
		{69629BA1-C478-4B14-8A8A-435B94EAA66C}.Release|Any CPU.ActiveCfg = Release|Any CPU
		{69629BA1-C478-4B14-8A8A-435B94EAA66C}.Release|Any CPU.Build.0 = Release|Any CPU
		{69629BA1-C478-4B14-8A8A-435B94EAA66C}.Release|Any CPU.Deploy.0 = Release|Any CPU
	EndGlobalSection
	GlobalSection(SolutionProperties) = preSolution
		HideSolutionNode = FALSE
	EndGlobalSection
	GlobalSection(ExtensibilityGlobals) = postSolution
		SolutionGuid = {213CFBEC-FBE7-4EB1-8577-3FB832B3DF0F}
	EndGlobalSection
EndGlobal
