
Microsoft Visual Studio Solution File, Format Version 12.00
# Visual Studio Version 17
VisualStudioVersion = 17.5.002.0
MinimumVisualStudioVersion = 10.0.40219.1
Project("{9A19103F-16F7-4668-BE54-9A1E7A4F7556}") = "ExempleMobile", "ExempleMobile.csproj", "{57521D42-7F1C-4F1E-9727-D591B03C7A2C}"
EndProject
Global
	GlobalSection(SolutionConfigurationPlatforms) = preSolution
		Debug|Any CPU = Debug|Any CPU
		Release|Any CPU = Release|Any CPU
	EndGlobalSection
	GlobalSection(ProjectConfigurationPlatforms) = postSolution
		{57521D42-7F1C-4F1E-9727-D591B03C7A2C}.Debug|Any CPU.ActiveCfg = Debug|Any CPU
		{57521D42-7F1C-4F1E-9727-D591B03C7A2C}.Debug|Any CPU.Build.0 = Debug|Any CPU
		{57521D42-7F1C-4F1E-9727-D591B03C7A2C}.Release|Any CPU.ActiveCfg = Release|Any CPU
		{57521D42-7F1C-4F1E-9727-D591B03C7A2C}.Release|Any CPU.Build.0 = Release|Any CPU
	EndGlobalSection
	GlobalSection(SolutionProperties) = preSolution
		HideSolutionNode = FALSE
	EndGlobalSection
	GlobalSection(ExtensibilityGlobals) = postSolution
		SolutionGuid = {2434FAD3-3D94-4786-81BF-91C6AE0783AA}
	EndGlobalSection
EndGlobal
